// !$*UTF8*$!
{
	archiveVersion = 1;
	classes = {
	};
	objectVersion = 56;
	objects = {

/* Begin PBXBuildFile section */
		6D1443C72DA79C1A00BF0E0F /* SettingsView.swift in Sources */ = {isa = PBXBuildFile; fileRef = 6D1443C62DA79C1A00BF0E0F /* SettingsView.swift */; };
		6D3D464D2D88593000F3E6E1 /* ColorHex.swift in Sources */ = {isa = PBXBuildFile; fileRef = 6D3D464C2D88593000F3E6E1 /* ColorHex.swift */; };
		6D3D464F2D885A8200F3E6E1 /* RegisterViewController.swift in Sources */ = {isa = PBXBuildFile; fileRef = 6D3D464E2D885A8200F3E6E1 /* RegisterViewController.swift */; };
		6D3D46512D885A9F00F3E6E1 /* RegisterSwiftUIView.swift in Sources */ = {isa = PBXBuildFile; fileRef = 6D3D46502D885A9F00F3E6E1 /* RegisterSwiftUIView.swift */; };
		6D3D46532D885AFE00F3E6E1 /* LoginViewController.swift in Sources */ = {isa = PBXBuildFile; fileRef = 6D3D46522D885AFE00F3E6E1 /* LoginViewController.swift */; };
		6D3D46552D885B4100F3E6E1 /* LoginSwiftUIView.swift in Sources */ = {isa = PBXBuildFile; fileRef = 6D3D46542D885B4100F3E6E1 /* LoginSwiftUIView.swift */; };
		6D3D46612D8B121F00F3E6E1 /* NotesViewController.swift in Sources */ = {isa = PBXBuildFile; fileRef = 6D3D46602D8B121F00F3E6E1 /* NotesViewController.swift */; };
		6D3D46632D8B123900F3E6E1 /* DiaryViewController.swift in Sources */ = {isa = PBXBuildFile; fileRef = 6D3D46622D8B123900F3E6E1 /* DiaryViewController.swift */; };
		6D3D46652D8B124700F3E6E1 /* CalendarViewController.swift in Sources */ = {isa = PBXBuildFile; fileRef = 6D3D46642D8B124700F3E6E1 /* CalendarViewController.swift */; };
		6D3D46672D8B125300F3E6E1 /* SettingsViewController.swift in Sources */ = {isa = PBXBuildFile; fileRef = 6D3D46662D8B125300F3E6E1 /* SettingsViewController.swift */; };
		6D3D46692D8B455900F3E6E1 /* NotesSwiftUIView.swift in Sources */ = {isa = PBXBuildFile; fileRef = 6D3D46682D8B455900F3E6E1 /* NotesSwiftUIView.swift */; };
		6D60CD1C2DC2E598006E5355 /* OffsetKey.swift in Sources */ = {isa = PBXBuildFile; fileRef = 6D60CD1B2DC2E598006E5355 /* OffsetKey.swift */; };
		6D61FC842DC6379B009198D2 /* Theme.swift in Sources */ = {isa = PBXBuildFile; fileRef = 6D61FC832DC6379B009198D2 /* Theme.swift */; };
		6D6971872DD4DCBE00C214E8 /* EditNoteView.swift in Sources */ = {isa = PBXBuildFile; fileRef = 6D6971862DD4DCBE00C214E8 /* EditNoteView.swift */; };
		6D69718F2DD68B5B00C214E8 /* NotificationModel.swift in Sources */ = {isa = PBXBuildFile; fileRef = 6D69718E2DD68B5B00C214E8 /* NotificationModel.swift */; };
		6D6971922DD68B9100C214E8 /* CalindarViewModel.swift in Sources */ = {isa = PBXBuildFile; fileRef = 6D6971912DD68B9100C214E8 /* CalindarViewModel.swift */; };
		6D6971952DD68BBC00C214E8 /* CalendarUtils.swift in Sources */ = {isa = PBXBuildFile; fileRef = 6D6971942DD68BBC00C214E8 /* CalendarUtils.swift */; };
		6D6971972DD68BFD00C214E8 /* CalendarMonthView.swift in Sources */ = {isa = PBXBuildFile; fileRef = 6D6971962DD68BFD00C214E8 /* CalendarMonthView.swift */; };
		6D6971992DD68C1300C214E8 /* DayView.swift in Sources */ = {isa = PBXBuildFile; fileRef = 6D6971982DD68C1300C214E8 /* DayView.swift */; };
		6D69719B2DD68C2500C214E8 /* NotePopupView.swift in Sources */ = {isa = PBXBuildFile; fileRef = 6D69719A2DD68C2500C214E8 /* NotePopupView.swift */; };
		6D7B1AF22DC55DE8004773DF /* NoteTaskRowView.swift in Sources */ = {isa = PBXBuildFile; fileRef = 6D7B1AF12DC55DE8004773DF /* NoteTaskRowView.swift */; };
		6D8D4B812DB439210082CBFB /* DiaryView.swift in Sources */ = {isa = PBXBuildFile; fileRef = 6D8D4B802DB439210082CBFB /* DiaryView.swift */; };
		6D8D4B832DB439380082CBFB /* CalendarView.swift in Sources */ = {isa = PBXBuildFile; fileRef = 6D8D4B822DB439380082CBFB /* CalendarView.swift */; };
		6D8D4B862DB513680082CBFB /* DiaryAddView.swift in Sources */ = {isa = PBXBuildFile; fileRef = 6D8D4B852DB513680082CBFB /* DiaryAddView.swift */; };
		6D8D4B882DB513AA0082CBFB /* DiaryEditView.swift in Sources */ = {isa = PBXBuildFile; fileRef = 6D8D4B872DB513AA0082CBFB /* DiaryEditView.swift */; };
		6D8D4B8B2DB6AAE60082CBFB /* NoteModel.swift in Sources */ = {isa = PBXBuildFile; fileRef = 6D8D4B8A2DB6AAE60082CBFB /* NoteModel.swift */; };
		6D8D4B8D2DB6AB000082CBFB /* NoteStore.swift in Sources */ = {isa = PBXBuildFile; fileRef = 6D8D4B8C2DB6AB000082CBFB /* NoteStore.swift */; };
		6D8D4BB02DB7BE2D0082CBFB /* NewNoteView.swift in Sources */ = {isa = PBXBuildFile; fileRef = 6D8D4BAF2DB7BE2D0082CBFB /* NewNoteView.swift */; };
		6D8D4BB52DB90F660082CBFB /* DiaryEntry.swift in Sources */ = {isa = PBXBuildFile; fileRef = 6D8D4BB42DB90F660082CBFB /* DiaryEntry.swift */; };
		6D8D4BB82DB90FAC0082CBFB /* DiaryViewModel.swift in Sources */ = {isa = PBXBuildFile; fileRef = 6D8D4BB72DB90FAC0082CBFB /* DiaryViewModel.swift */; };
		6D8D4BBA2DB9A6FA0082CBFB /* DiaryCardView.swift in Sources */ = {isa = PBXBuildFile; fileRef = 6D8D4BB92DB9A6FA0082CBFB /* DiaryCardView.swift */; };
		6D997A3F2D859D2F00C64705 /* AppDelegate.swift in Sources */ = {isa = PBXBuildFile; fileRef = 6D997A3E2D859D2F00C64705 /* AppDelegate.swift */; };
		6D997A412D859D2F00C64705 /* SceneDelegate.swift in Sources */ = {isa = PBXBuildFile; fileRef = 6D997A402D859D2F00C64705 /* SceneDelegate.swift */; };
		6D997A432D859D2F00C64705 /* TabBarViewController.swift in Sources */ = {isa = PBXBuildFile; fileRef = 6D997A422D859D2F00C64705 /* TabBarViewController.swift */; };
		6D997A482D859D3000C64705 /* Assets.xcassets in Resources */ = {isa = PBXBuildFile; fileRef = 6D997A472D859D3000C64705 /* Assets.xcassets */; };
		6D997A4B2D859D3000C64705 /* Base in Resources */ = {isa = PBXBuildFile; fileRef = 6D997A4A2D859D3000C64705 /* Base */; };
		6D997A642D88442200C64705 /* WelcomeViewController.swift in Sources */ = {isa = PBXBuildFile; fileRef = 6D997A632D88442200C64705 /* WelcomeViewController.swift */; };
		6D997A662D88446A00C64705 /* WelcomeSwiftUIView.swift in Sources */ = {isa = PBXBuildFile; fileRef = 6D997A652D88446A00C64705 /* WelcomeSwiftUIView.swift */; };
		6DB7055A2DDBC71100FE3051 /* NoteStorage.swift in Sources */ = {isa = PBXBuildFile; fileRef = 6DB705592DDBC71100FE3051 /* NoteStorage.swift */; };
		6DB72F9C2D9084B700A0A553 /* View+Extension.swift in Sources */ = {isa = PBXBuildFile; fileRef = 6DB72F9B2D9084B700A0A553 /* View+Extension.swift */; };
		6DB72F9E2D9084C600A0A553 /* Date+Extension.swift in Sources */ = {isa = PBXBuildFile; fileRef = 6DB72F9D2D9084C600A0A553 /* Date+Extension.swift */; };
		6DC683252DC8EF8100332B7C /* NoteView.swift in Sources */ = {isa = PBXBuildFile; fileRef = 6DC683242DC8EF8100332B7C /* NoteView.swift */; };
		6DC683272DC9172100332B7C /* SettingsRow.swift in Sources */ = {isa = PBXBuildFile; fileRef = 6DC683262DC9172100332B7C /* SettingsRow.swift */; };
/* End PBXBuildFile section */

/* Begin PBXFileReference section */
		6D1443C62DA79C1A00BF0E0F /* SettingsView.swift */ = {isa = PBXFileReference; lastKnownFileType = sourcecode.swift; path = SettingsView.swift; sourceTree = "<group>"; };
		6D3D464C2D88593000F3E6E1 /* ColorHex.swift */ = {isa = PBXFileReference; lastKnownFileType = sourcecode.swift; path = ColorHex.swift; sourceTree = "<group>"; };
		6D3D464E2D885A8200F3E6E1 /* RegisterViewController.swift */ = {isa = PBXFileReference; lastKnownFileType = sourcecode.swift; path = RegisterViewController.swift; sourceTree = "<group>"; };
		6D3D46502D885A9F00F3E6E1 /* RegisterSwiftUIView.swift */ = {isa = PBXFileReference; lastKnownFileType = sourcecode.swift; path = RegisterSwiftUIView.swift; sourceTree = "<group>"; };
		6D3D46522D885AFE00F3E6E1 /* LoginViewController.swift */ = {isa = PBXFileReference; lastKnownFileType = sourcecode.swift; path = LoginViewController.swift; sourceTree = "<group>"; };
		6D3D46542D885B4100F3E6E1 /* LoginSwiftUIView.swift */ = {isa = PBXFileReference; lastKnownFileType = sourcecode.swift; path = LoginSwiftUIView.swift; sourceTree = "<group>"; };
		6D3D46602D8B121F00F3E6E1 /* NotesViewController.swift */ = {isa = PBXFileReference; lastKnownFileType = sourcecode.swift; path = NotesViewController.swift; sourceTree = "<group>"; };
		6D3D46622D8B123900F3E6E1 /* DiaryViewController.swift */ = {isa = PBXFileReference; lastKnownFileType = sourcecode.swift; path = DiaryViewController.swift; sourceTree = "<group>"; };
		6D3D46642D8B124700F3E6E1 /* CalendarViewController.swift */ = {isa = PBXFileReference; lastKnownFileType = sourcecode.swift; path = CalendarViewController.swift; sourceTree = "<group>"; };
		6D3D46662D8B125300F3E6E1 /* SettingsViewController.swift */ = {isa = PBXFileReference; lastKnownFileType = sourcecode.swift; path = SettingsViewController.swift; sourceTree = "<group>"; };
		6D3D46682D8B455900F3E6E1 /* NotesSwiftUIView.swift */ = {isa = PBXFileReference; lastKnownFileType = sourcecode.swift; path = NotesSwiftUIView.swift; sourceTree = "<group>"; };
		6D60CD1B2DC2E598006E5355 /* OffsetKey.swift */ = {isa = PBXFileReference; lastKnownFileType = sourcecode.swift; path = OffsetKey.swift; sourceTree = "<group>"; };
		6D61FC832DC6379B009198D2 /* Theme.swift */ = {isa = PBXFileReference; lastKnownFileType = sourcecode.swift; path = Theme.swift; sourceTree = "<group>"; };
		6D6971862DD4DCBE00C214E8 /* EditNoteView.swift */ = {isa = PBXFileReference; lastKnownFileType = sourcecode.swift; path = EditNoteView.swift; sourceTree = "<group>"; };
		6D69718E2DD68B5B00C214E8 /* NotificationModel.swift */ = {isa = PBXFileReference; lastKnownFileType = sourcecode.swift; path = NotificationModel.swift; sourceTree = "<group>"; };
		6D6971912DD68B9100C214E8 /* CalindarViewModel.swift */ = {isa = PBXFileReference; lastKnownFileType = sourcecode.swift; path = CalindarViewModel.swift; sourceTree = "<group>"; };
		6D6971942DD68BBC00C214E8 /* CalendarUtils.swift */ = {isa = PBXFileReference; lastKnownFileType = sourcecode.swift; path = CalendarUtils.swift; sourceTree = "<group>"; };
		6D6971962DD68BFD00C214E8 /* CalendarMonthView.swift */ = {isa = PBXFileReference; lastKnownFileType = sourcecode.swift; path = CalendarMonthView.swift; sourceTree = "<group>"; };
		6D6971982DD68C1300C214E8 /* DayView.swift */ = {isa = PBXFileReference; lastKnownFileType = sourcecode.swift; path = DayView.swift; sourceTree = "<group>"; };
		6D69719A2DD68C2500C214E8 /* NotePopupView.swift */ = {isa = PBXFileReference; lastKnownFileType = sourcecode.swift; path = NotePopupView.swift; sourceTree = "<group>"; };
		6D7B1AF12DC55DE8004773DF /* NoteTaskRowView.swift */ = {isa = PBXFileReference; lastKnownFileType = sourcecode.swift; path = NoteTaskRowView.swift; sourceTree = "<group>"; };
		6D8D4B802DB439210082CBFB /* DiaryView.swift */ = {isa = PBXFileReference; lastKnownFileType = sourcecode.swift; path = DiaryView.swift; sourceTree = "<group>"; };
		6D8D4B822DB439380082CBFB /* CalendarView.swift */ = {isa = PBXFileReference; lastKnownFileType = sourcecode.swift; path = CalendarView.swift; sourceTree = "<group>"; };
		6D8D4B852DB513680082CBFB /* DiaryAddView.swift */ = {isa = PBXFileReference; lastKnownFileType = sourcecode.swift; path = DiaryAddView.swift; sourceTree = "<group>"; };
		6D8D4B872DB513AA0082CBFB /* DiaryEditView.swift */ = {isa = PBXFileReference; lastKnownFileType = sourcecode.swift; path = DiaryEditView.swift; sourceTree = "<group>"; };
		6D8D4B8A2DB6AAE60082CBFB /* NoteModel.swift */ = {isa = PBXFileReference; lastKnownFileType = sourcecode.swift; path = NoteModel.swift; sourceTree = "<group>"; };
		6D8D4B8C2DB6AB000082CBFB /* NoteStore.swift */ = {isa = PBXFileReference; lastKnownFileType = sourcecode.swift; path = NoteStore.swift; sourceTree = "<group>"; };
		6D8D4BAF2DB7BE2D0082CBFB /* NewNoteView.swift */ = {isa = PBXFileReference; lastKnownFileType = sourcecode.swift; path = NewNoteView.swift; sourceTree = "<group>"; };
		6D8D4BB42DB90F660082CBFB /* DiaryEntry.swift */ = {isa = PBXFileReference; lastKnownFileType = sourcecode.swift; name = DiaryEntry.swift; path = Yandi/Models/Core/NotesM/DiaryEntry.swift; sourceTree = SOURCE_ROOT; };
		6D8D4BB72DB90FAC0082CBFB /* DiaryViewModel.swift */ = {isa = PBXFileReference; lastKnownFileType = sourcecode.swift; path = DiaryViewModel.swift; sourceTree = "<group>"; };
		6D8D4BB92DB9A6FA0082CBFB /* DiaryCardView.swift */ = {isa = PBXFileReference; lastKnownFileType = sourcecode.swift; path = DiaryCardView.swift; sourceTree = "<group>"; };
		6D997A3B2D859D2F00C64705 /* Yandi.app */ = {isa = PBXFileReference; explicitFileType = wrapper.application; includeInIndex = 0; path = Yandi.app; sourceTree = BUILT_PRODUCTS_DIR; };
		6D997A3E2D859D2F00C64705 /* AppDelegate.swift */ = {isa = PBXFileReference; lastKnownFileType = sourcecode.swift; path = AppDelegate.swift; sourceTree = "<group>"; };
		6D997A402D859D2F00C64705 /* SceneDelegate.swift */ = {isa = PBXFileReference; lastKnownFileType = sourcecode.swift; path = SceneDelegate.swift; sourceTree = "<group>"; };
		6D997A422D859D2F00C64705 /* TabBarViewController.swift */ = {isa = PBXFileReference; lastKnownFileType = sourcecode.swift; path = TabBarViewController.swift; sourceTree = "<group>"; };
		6D997A472D859D3000C64705 /* Assets.xcassets */ = {isa = PBXFileReference; lastKnownFileType = folder.assetcatalog; path = Assets.xcassets; sourceTree = "<group>"; };
		6D997A4A2D859D3000C64705 /* Base */ = {isa = PBXFileReference; lastKnownFileType = file.storyboard; name = Base; path = Base.lproj/LaunchScreen.storyboard; sourceTree = "<group>"; };
		6D997A4C2D859D3000C64705 /* Info.plist */ = {isa = PBXFileReference; lastKnownFileType = text.plist.xml; path = Info.plist; sourceTree = "<group>"; };
		6D997A632D88442200C64705 /* WelcomeViewController.swift */ = {isa = PBXFileReference; lastKnownFileType = sourcecode.swift; path = WelcomeViewController.swift; sourceTree = "<group>"; };
		6D997A652D88446A00C64705 /* WelcomeSwiftUIView.swift */ = {isa = PBXFileReference; lastKnownFileType = sourcecode.swift; path = WelcomeSwiftUIView.swift; sourceTree = "<group>"; };
		6DB705592DDBC71100FE3051 /* NoteStorage.swift */ = {isa = PBXFileReference; lastKnownFileType = sourcecode.swift; path = NoteStorage.swift; sourceTree = "<group>"; };
		6DB72F9B2D9084B700A0A553 /* View+Extension.swift */ = {isa = PBXFileReference; lastKnownFileType = sourcecode.swift; path = "View+Extension.swift"; sourceTree = "<group>"; };
		6DB72F9D2D9084C600A0A553 /* Date+Extension.swift */ = {isa = PBXFileReference; lastKnownFileType = sourcecode.swift; path = "Date+Extension.swift"; sourceTree = "<group>"; };
		6DC683242DC8EF8100332B7C /* NoteView.swift */ = {isa = PBXFileReference; lastKnownFileType = sourcecode.swift; path = NoteView.swift; sourceTree = "<group>"; };
		6DC683262DC9172100332B7C /* SettingsRow.swift */ = {isa = PBXFileReference; lastKnownFileType = sourcecode.swift; path = SettingsRow.swift; sourceTree = "<group>"; };
/* End PBXFileReference section */

/* Begin PBXFrameworksBuildPhase section */
		6D997A382D859D2F00C64705 /* Frameworks */ = {
			isa = PBXFrameworksBuildPhase;
			buildActionMask = 2147483647;
			files = (
			);
			runOnlyForDeploymentPostprocessing = 0;
		};
/* End PBXFrameworksBuildPhase section */

/* Begin PBXGroup section */
		6D3D464B2D88591300F3E6E1 /* Extensions */ = {
			isa = PBXGroup;
			children = (
				6D61FC832DC6379B009198D2 /* Theme.swift */,
				6D3D464C2D88593000F3E6E1 /* ColorHex.swift */,
				6DB72F9A2D9084A300A0A553 /* Notes */,
				6D6971932DD68BA900C214E8 /* Calendar */,
			);
			path = Extensions;
			sourceTree = "<group>";
		};
		6D3D46562D8B060200F3E6E1 /* Core */ = {
			isa = PBXGroup;
			children = (
				6D3D46602D8B121F00F3E6E1 /* NotesViewController.swift */,
				6D3D46622D8B123900F3E6E1 /* DiaryViewController.swift */,
				6D3D46642D8B124700F3E6E1 /* CalendarViewController.swift */,
				6D3D46662D8B125300F3E6E1 /* SettingsViewController.swift */,
			);
			path = Core;
			sourceTree = "<group>";
		};
		6D3D46572D8B062000F3E6E1 /* Core */ = {
			isa = PBXGroup;
			children = (
				6D8D4BAE2DB7BDDE0082CBFB /* NotesV */,
				6D8D4B842DB43C140082CBFB /* DiaryV */,
				6DAB67DA2DBFC3CC006BE1D0 /* CalendarV */,
				6DAB67D92DBFC3BE006BE1D0 /* SettingsV */,
			);
			path = Core;
			sourceTree = "<group>";
		};
		6D3D46582D8B063B00F3E6E1 /* Core */ = {
			isa = PBXGroup;
			children = (
				6D8D4BB62DB90F970082CBFB /* DiaryVM */,
				6D6971902DD68B7D00C214E8 /* CalendarVM */,
			);
			path = Core;
			sourceTree = "<group>";
		};
		6D3D46592D8B064400F3E6E1 /* Core */ = {
			isa = PBXGroup;
			children = (
				6D8D4BB32DB7BF210082CBFB /* NotesM */,
				6D8D4B892DB6AACA0082CBFB /* Diary */,
				6D69718D2DD68B2300C214E8 /* Calendar */,
			);
			path = Core;
			sourceTree = "<group>";
		};
		6D69718D2DD68B2300C214E8 /* Calendar */ = {
			isa = PBXGroup;
			children = (
				6D69718E2DD68B5B00C214E8 /* NotificationModel.swift */,
			);
			path = Calendar;
			sourceTree = "<group>";
		};
		6D6971902DD68B7D00C214E8 /* CalendarVM */ = {
			isa = PBXGroup;
			children = (
				6D6971912DD68B9100C214E8 /* CalindarViewModel.swift */,
			);
			path = CalendarVM;
			sourceTree = "<group>";
		};
		6D6971932DD68BA900C214E8 /* Calendar */ = {
			isa = PBXGroup;
			children = (
				6D6971942DD68BBC00C214E8 /* CalendarUtils.swift */,
			);
			path = Calendar;
			sourceTree = "<group>";
		};
		6D8D4B842DB43C140082CBFB /* DiaryV */ = {
			isa = PBXGroup;
			children = (
				6D8D4B802DB439210082CBFB /* DiaryView.swift */,
				6D8D4BB92DB9A6FA0082CBFB /* DiaryCardView.swift */,
				6D8D4B852DB513680082CBFB /* DiaryAddView.swift */,
				6D8D4B872DB513AA0082CBFB /* DiaryEditView.swift */,
			);
			path = DiaryV;
			sourceTree = "<group>";
		};
		6D8D4B892DB6AACA0082CBFB /* Diary */ = {
			isa = PBXGroup;
			children = (
				6D8D4BB42DB90F660082CBFB /* DiaryEntry.swift */,
			);
			path = Diary;
			sourceTree = "<group>";
		};
		6D8D4BAE2DB7BDDE0082CBFB /* NotesV */ = {
			isa = PBXGroup;
			children = (
				6D3D46682D8B455900F3E6E1 /* NotesSwiftUIView.swift */,
				6DC683242DC8EF8100332B7C /* NoteView.swift */,
				6D7B1AF12DC55DE8004773DF /* NoteTaskRowView.swift */,
				6D8D4BAF2DB7BE2D0082CBFB /* NewNoteView.swift */,
				6D6971862DD4DCBE00C214E8 /* EditNoteView.swift */,
			);
			path = NotesV;
			sourceTree = "<group>";
		};
		6D8D4BB32DB7BF210082CBFB /* NotesM */ = {
			isa = PBXGroup;
			children = (
				6D8D4B8C2DB6AB000082CBFB /* NoteStore.swift */,
				6D8D4B8A2DB6AAE60082CBFB /* NoteModel.swift */,
			);
			path = NotesM;
			sourceTree = "<group>";
		};
		6D8D4BB62DB90F970082CBFB /* DiaryVM */ = {
			isa = PBXGroup;
			children = (
				6D8D4BB72DB90FAC0082CBFB /* DiaryViewModel.swift */,
			);
			path = DiaryVM;
			sourceTree = "<group>";
		};
		6D997A322D859D2F00C64705 = {
			isa = PBXGroup;
			children = (
				6D997A3D2D859D2F00C64705 /* Yandi */,
				6D997A3C2D859D2F00C64705 /* Products */,
			);
			sourceTree = "<group>";
		};
		6D997A3C2D859D2F00C64705 /* Products */ = {
			isa = PBXGroup;
			children = (
				6D997A3B2D859D2F00C64705 /* Yandi.app */,
			);
			name = Products;
			sourceTree = "<group>";
		};
		6D997A3D2D859D2F00C64705 /* Yandi */ = {
			isa = PBXGroup;
			children = (
				6D997A522D859DD700C64705 /* Application */,
				6D997A582D88418700C64705 /* Models */,
				6D997A552D85A01700C64705 /* ViewModels */,
				6D997A542D859FF400C64705 /* Views */,
				6D997A532D859F0A00C64705 /* Controllers */,
				6DB705582DDBC6F100FE3051 /* Storage */,
				6D3D464B2D88591300F3E6E1 /* Extensions */,
				6D997A5A2D88424000C64705 /* Resources */,
				6D997A4C2D859D3000C64705 /* Info.plist */,
			);
			path = Yandi;
			sourceTree = "<group>";
		};
		6D997A522D859DD700C64705 /* Application */ = {
			isa = PBXGroup;
			children = (
				6D997A3E2D859D2F00C64705 /* AppDelegate.swift */,
				6D997A402D859D2F00C64705 /* SceneDelegate.swift */,
				6D997A492D859D3000C64705 /* LaunchScreen.storyboard */,
			);
			path = Application;
			sourceTree = "<group>";
		};
		6D997A532D859F0A00C64705 /* Controllers */ = {
			isa = PBXGroup;
			children = (
				6D997A422D859D2F00C64705 /* TabBarViewController.swift */,
				6D997A5E2D88433200C64705 /* Authorization */,
				6D3D46562D8B060200F3E6E1 /* Core */,
			);
			path = Controllers;
			sourceTree = "<group>";
		};
		6D997A542D859FF400C64705 /* Views */ = {
			isa = PBXGroup;
			children = (
				6D997A5D2D88432400C64705 /* Authorization */,
				6D3D46572D8B062000F3E6E1 /* Core */,
			);
			path = Views;
			sourceTree = "<group>";
		};
		6D997A552D85A01700C64705 /* ViewModels */ = {
			isa = PBXGroup;
			children = (
				6D997A5C2D88431800C64705 /* Authorization */,
				6D3D46582D8B063B00F3E6E1 /* Core */,
			);
			path = ViewModels;
			sourceTree = "<group>";
		};
		6D997A582D88418700C64705 /* Models */ = {
			isa = PBXGroup;
			children = (
				6D997A5B2D8842FF00C64705 /* Authorization */,
				6D3D46592D8B064400F3E6E1 /* Core */,
			);
			path = Models;
			sourceTree = "<group>";
		};
		6D997A5A2D88424000C64705 /* Resources */ = {
			isa = PBXGroup;
			children = (
				6D997A472D859D3000C64705 /* Assets.xcassets */,
			);
			path = Resources;
			sourceTree = "<group>";
		};
		6D997A5B2D8842FF00C64705 /* Authorization */ = {
			isa = PBXGroup;
			children = (
			);
			path = Authorization;
			sourceTree = "<group>";
		};
		6D997A5C2D88431800C64705 /* Authorization */ = {
			isa = PBXGroup;
			children = (
			);
			path = Authorization;
			sourceTree = "<group>";
		};
		6D997A5D2D88432400C64705 /* Authorization */ = {
			isa = PBXGroup;
			children = (
				6D997A652D88446A00C64705 /* WelcomeSwiftUIView.swift */,
				6D3D46502D885A9F00F3E6E1 /* RegisterSwiftUIView.swift */,
				6D3D46542D885B4100F3E6E1 /* LoginSwiftUIView.swift */,
			);
			path = Authorization;
			sourceTree = "<group>";
		};
		6D997A5E2D88433200C64705 /* Authorization */ = {
			isa = PBXGroup;
			children = (
				6D997A632D88442200C64705 /* WelcomeViewController.swift */,
				6D3D464E2D885A8200F3E6E1 /* RegisterViewController.swift */,
				6D3D46522D885AFE00F3E6E1 /* LoginViewController.swift */,
			);
			path = Authorization;
			sourceTree = "<group>";
		};
		6DAB67D92DBFC3BE006BE1D0 /* SettingsV */ = {
			isa = PBXGroup;
			children = (
				6D1443C62DA79C1A00BF0E0F /* SettingsView.swift */,
				6DC683262DC9172100332B7C /* SettingsRow.swift */,
			);
			path = SettingsV;
			sourceTree = "<group>";
		};
		6DAB67DA2DBFC3CC006BE1D0 /* CalendarV */ = {
			isa = PBXGroup;
			children = (
				6D8D4B822DB439380082CBFB /* CalendarView.swift */,
				6D6971962DD68BFD00C214E8 /* CalendarMonthView.swift */,
				6D6971982DD68C1300C214E8 /* DayView.swift */,
				6D69719A2DD68C2500C214E8 /* NotePopupView.swift */,
			);
			path = CalendarV;
			sourceTree = "<group>";
		};
		6DB705582DDBC6F100FE3051 /* Storage */ = {
			isa = PBXGroup;
			children = (
				6DB7055B2DDBC74600FE3051 /* Calendar */,
			);
			path = Storage;
			sourceTree = "<group>";
		};
		6DB7055B2DDBC74600FE3051 /* Calendar */ = {
			isa = PBXGroup;
			children = (
				6DB705592DDBC71100FE3051 /* NoteStorage.swift */,
			);
			path = Calendar;
			sourceTree = "<group>";
		};
		6DB72F9A2D9084A300A0A553 /* Notes */ = {
			isa = PBXGroup;
			children = (
				6DB72F9B2D9084B700A0A553 /* View+Extension.swift */,
				6DB72F9D2D9084C600A0A553 /* Date+Extension.swift */,
				6D60CD1B2DC2E598006E5355 /* OffsetKey.swift */,
			);
			name = Notes;
			sourceTree = "<group>";
		};
/* End PBXGroup section */

/* Begin PBXNativeTarget section */
		6D997A3A2D859D2F00C64705 /* Yandi */ = {
			isa = PBXNativeTarget;
			buildConfigurationList = 6D997A4F2D859D3000C64705 /* Build configuration list for PBXNativeTarget "Yandi" */;
			buildPhases = (
				6D997A372D859D2F00C64705 /* Sources */,
				6D997A382D859D2F00C64705 /* Frameworks */,
				6D997A392D859D2F00C64705 /* Resources */,
			);
			buildRules = (
			);
			dependencies = (
			);
			name = Yandi;
			productName = Yandi;
			productReference = 6D997A3B2D859D2F00C64705 /* Yandi.app */;
			productType = "com.apple.product-type.application";
		};
/* End PBXNativeTarget section */

/* Begin PBXProject section */
		6D997A332D859D2F00C64705 /* Project object */ = {
			isa = PBXProject;
			attributes = {
				BuildIndependentTargetsInParallel = 1;
				LastSwiftUpdateCheck = 1530;
				LastUpgradeCheck = 1530;
				TargetAttributes = {
					6D997A3A2D859D2F00C64705 = {
						CreatedOnToolsVersion = 15.3;
					};
				};
			};
			buildConfigurationList = 6D997A362D859D2F00C64705 /* Build configuration list for PBXProject "Yandi" */;
			compatibilityVersion = "Xcode 14.0";
			developmentRegion = en;
			hasScannedForEncodings = 0;
			knownRegions = (
				en,
				Base,
			);
			mainGroup = 6D997A322D859D2F00C64705;
			productRefGroup = 6D997A3C2D859D2F00C64705 /* Products */;
			projectDirPath = "";
			projectRoot = "";
			targets = (
				6D997A3A2D859D2F00C64705 /* Yandi */,
			);
		};
/* End PBXProject section */

/* Begin PBXResourcesBuildPhase section */
		6D997A392D859D2F00C64705 /* Resources */ = {
			isa = PBXResourcesBuildPhase;
			buildActionMask = 2147483647;
			files = (
				6D997A482D859D3000C64705 /* Assets.xcassets in Resources */,
				6D997A4B2D859D3000C64705 /* Base in Resources */,
			);
			runOnlyForDeploymentPostprocessing = 0;
		};
/* End PBXResourcesBuildPhase section */

/* Begin PBXSourcesBuildPhase section */
		6D997A372D859D2F00C64705 /* Sources */ = {
			isa = PBXSourcesBuildPhase;
			buildActionMask = 2147483647;
			files = (
				6D3D46692D8B455900F3E6E1 /* NotesSwiftUIView.swift in Sources */,
				6D3D46552D885B4100F3E6E1 /* LoginSwiftUIView.swift in Sources */,
				6D8D4B862DB513680082CBFB /* DiaryAddView.swift in Sources */,
				6D7B1AF22DC55DE8004773DF /* NoteTaskRowView.swift in Sources */,
				6D8D4BB02DB7BE2D0082CBFB /* NewNoteView.swift in Sources */,
				6D3D46532D885AFE00F3E6E1 /* LoginViewController.swift in Sources */,
				6D997A662D88446A00C64705 /* WelcomeSwiftUIView.swift in Sources */,
				6D6971952DD68BBC00C214E8 /* CalendarUtils.swift in Sources */,
				6D3D464D2D88593000F3E6E1 /* ColorHex.swift in Sources */,
				6D8D4B832DB439380082CBFB /* CalendarView.swift in Sources */,
				6D8D4B882DB513AA0082CBFB /* DiaryEditView.swift in Sources */,
				6DB7055A2DDBC71100FE3051 /* NoteStorage.swift in Sources */,
				6D69719B2DD68C2500C214E8 /* NotePopupView.swift in Sources */,
				6D6971972DD68BFD00C214E8 /* CalendarMonthView.swift in Sources */,
				6D6971872DD4DCBE00C214E8 /* EditNoteView.swift in Sources */,
				6D3D46652D8B124700F3E6E1 /* CalendarViewController.swift in Sources */,
				6DC683272DC9172100332B7C /* SettingsRow.swift in Sources */,
				6D8D4B8B2DB6AAE60082CBFB /* NoteModel.swift in Sources */,
				6D8D4B812DB439210082CBFB /* DiaryView.swift in Sources */,
				6D3D464F2D885A8200F3E6E1 /* RegisterViewController.swift in Sources */,
				6D997A432D859D2F00C64705 /* TabBarViewController.swift in Sources */,
				6D8D4BB82DB90FAC0082CBFB /* DiaryViewModel.swift in Sources */,
				6D997A642D88442200C64705 /* WelcomeViewController.swift in Sources */,
				6D8D4BB52DB90F660082CBFB /* DiaryEntry.swift in Sources */,
				6D3D46512D885A9F00F3E6E1 /* RegisterSwiftUIView.swift in Sources */,
				6D3D46612D8B121F00F3E6E1 /* NotesViewController.swift in Sources */,
				6D3D46632D8B123900F3E6E1 /* DiaryViewController.swift in Sources */,
				6D3D46672D8B125300F3E6E1 /* SettingsViewController.swift in Sources */,
				6D997A3F2D859D2F00C64705 /* AppDelegate.swift in Sources */,
				6DB72F9C2D9084B700A0A553 /* View+Extension.swift in Sources */,
				6D6971992DD68C1300C214E8 /* DayView.swift in Sources */,
				6DC683252DC8EF8100332B7C /* NoteView.swift in Sources */,
				6DB72F9E2D9084C600A0A553 /* Date+Extension.swift in Sources */,
				6D69718F2DD68B5B00C214E8 /* NotificationModel.swift in Sources */,
				6D60CD1C2DC2E598006E5355 /* OffsetKey.swift in Sources */,
				6D1443C72DA79C1A00BF0E0F /* SettingsView.swift in Sources */,
				6D8D4BBA2DB9A6FA0082CBFB /* DiaryCardView.swift in Sources */,
				6D6971922DD68B9100C214E8 /* CalindarViewModel.swift in Sources */,
				6D997A412D859D2F00C64705 /* SceneDelegate.swift in Sources */,
				6D8D4B8D2DB6AB000082CBFB /* NoteStore.swift in Sources */,
				6D61FC842DC6379B009198D2 /* Theme.swift in Sources */,
			);
			runOnlyForDeploymentPostprocessing = 0;
		};
/* End PBXSourcesBuildPhase section */

/* Begin PBXVariantGroup section */
		6D997A492D859D3000C64705 /* LaunchScreen.storyboard */ = {
			isa = PBXVariantGroup;
			children = (
				6D997A4A2D859D3000C64705 /* Base */,
			);
			name = LaunchScreen.storyboard;
			sourceTree = "<group>";
		};
/* End PBXVariantGroup section */

/* Begin XCBuildConfiguration section */
		6D997A4D2D859D3000C64705 /* Debug */ = {
			isa = XCBuildConfiguration;
			buildSettings = {
				ALWAYS_SEARCH_USER_PATHS = NO;
				ASSETCATALOG_COMPILER_GENERATE_SWIFT_ASSET_SYMBOL_EXTENSIONS = YES;
				CLANG_ANALYZER_NONNULL = YES;
				CLANG_ANALYZER_NUMBER_OBJECT_CONVERSION = YES_AGGRESSIVE;
				CLANG_CXX_LANGUAGE_STANDARD = "gnu++20";
				CLANG_ENABLE_MODULES = YES;
				CLANG_ENABLE_OBJC_ARC = YES;
				CLANG_ENABLE_OBJC_WEAK = YES;
				CLANG_WARN_BLOCK_CAPTURE_AUTORELEASING = YES;
				CLANG_WARN_BOOL_CONVERSION = YES;
				CLANG_WARN_COMMA = YES;
				CLANG_WARN_CONSTANT_CONVERSION = YES;
				CLANG_WARN_DEPRECATED_OBJC_IMPLEMENTATIONS = YES;
				CLANG_WARN_DIRECT_OBJC_ISA_USAGE = YES_ERROR;
				CLANG_WARN_DOCUMENTATION_COMMENTS = YES;
				CLANG_WARN_EMPTY_BODY = YES;
				CLANG_WARN_ENUM_CONVERSION = YES;
				CLANG_WARN_INFINITE_RECURSION = YES;
				CLANG_WARN_INT_CONVERSION = YES;
				CLANG_WARN_NON_LITERAL_NULL_CONVERSION = YES;
				CLANG_WARN_OBJC_IMPLICIT_RETAIN_SELF = YES;
				CLANG_WARN_OBJC_LITERAL_CONVERSION = YES;
				CLANG_WARN_OBJC_ROOT_CLASS = YES_ERROR;
				CLANG_WARN_QUOTED_INCLUDE_IN_FRAMEWORK_HEADER = YES;
				CLANG_WARN_RANGE_LOOP_ANALYSIS = YES;
				CLANG_WARN_STRICT_PROTOTYPES = YES;
				CLANG_WARN_SUSPICIOUS_MOVE = YES;
				CLANG_WARN_UNGUARDED_AVAILABILITY = YES_AGGRESSIVE;
				CLANG_WARN_UNREACHABLE_CODE = YES;
				CLANG_WARN__DUPLICATE_METHOD_MATCH = YES;
				COPY_PHASE_STRIP = NO;
				DEBUG_INFORMATION_FORMAT = dwarf;
				ENABLE_STRICT_OBJC_MSGSEND = YES;
				ENABLE_TESTABILITY = YES;
				ENABLE_USER_SCRIPT_SANDBOXING = YES;
				GCC_C_LANGUAGE_STANDARD = gnu17;
				GCC_DYNAMIC_NO_PIC = NO;
				GCC_NO_COMMON_BLOCKS = YES;
				GCC_OPTIMIZATION_LEVEL = 0;
				GCC_PREPROCESSOR_DEFINITIONS = (
					"DEBUG=1",
					"$(inherited)",
				);
				GCC_WARN_64_TO_32_BIT_CONVERSION = YES;
				GCC_WARN_ABOUT_RETURN_TYPE = YES_ERROR;
				GCC_WARN_UNDECLARED_SELECTOR = YES;
				GCC_WARN_UNINITIALIZED_AUTOS = YES_AGGRESSIVE;
				GCC_WARN_UNUSED_FUNCTION = YES;
				GCC_WARN_UNUSED_VARIABLE = YES;
				IPHONEOS_DEPLOYMENT_TARGET = 17.4;
				LOCALIZATION_PREFERS_STRING_CATALOGS = YES;
				MTL_ENABLE_DEBUG_INFO = INCLUDE_SOURCE;
				MTL_FAST_MATH = YES;
				ONLY_ACTIVE_ARCH = YES;
				SDKROOT = iphoneos;
				SWIFT_ACTIVE_COMPILATION_CONDITIONS = "DEBUG $(inherited)";
				SWIFT_OPTIMIZATION_LEVEL = "-Onone";
			};
			name = Debug;
		};
		6D997A4E2D859D3000C64705 /* Release */ = {
			isa = XCBuildConfiguration;
			buildSettings = {
				ALWAYS_SEARCH_USER_PATHS = NO;
				ASSETCATALOG_COMPILER_GENERATE_SWIFT_ASSET_SYMBOL_EXTENSIONS = YES;
				CLANG_ANALYZER_NONNULL = YES;
				CLANG_ANALYZER_NUMBER_OBJECT_CONVERSION = YES_AGGRESSIVE;
				CLANG_CXX_LANGUAGE_STANDARD = "gnu++20";
				CLANG_ENABLE_MODULES = YES;
				CLANG_ENABLE_OBJC_ARC = YES;
				CLANG_ENABLE_OBJC_WEAK = YES;
				CLANG_WARN_BLOCK_CAPTURE_AUTORELEASING = YES;
				CLANG_WARN_BOOL_CONVERSION = YES;
				CLANG_WARN_COMMA = YES;
				CLANG_WARN_CONSTANT_CONVERSION = YES;
				CLANG_WARN_DEPRECATED_OBJC_IMPLEMENTATIONS = YES;
				CLANG_WARN_DIRECT_OBJC_ISA_USAGE = YES_ERROR;
				CLANG_WARN_DOCUMENTATION_COMMENTS = YES;
				CLANG_WARN_EMPTY_BODY = YES;
				CLANG_WARN_ENUM_CONVERSION = YES;
				CLANG_WARN_INFINITE_RECURSION = YES;
				CLANG_WARN_INT_CONVERSION = YES;
				CLANG_WARN_NON_LITERAL_NULL_CONVERSION = YES;
				CLANG_WARN_OBJC_IMPLICIT_RETAIN_SELF = YES;
				CLANG_WARN_OBJC_LITERAL_CONVERSION = YES;
				CLANG_WARN_OBJC_ROOT_CLASS = YES_ERROR;
				CLANG_WARN_QUOTED_INCLUDE_IN_FRAMEWORK_HEADER = YES;
				CLANG_WARN_RANGE_LOOP_ANALYSIS = YES;
				CLANG_WARN_STRICT_PROTOTYPES = YES;
				CLANG_WARN_SUSPICIOUS_MOVE = YES;
				CLANG_WARN_UNGUARDED_AVAILABILITY = YES_AGGRESSIVE;
				CLANG_WARN_UNREACHABLE_CODE = YES;
				CLANG_WARN__DUPLICATE_METHOD_MATCH = YES;
				COPY_PHASE_STRIP = NO;
				DEBUG_INFORMATION_FORMAT = "dwarf-with-dsym";
				ENABLE_NS_ASSERTIONS = NO;
				ENABLE_STRICT_OBJC_MSGSEND = YES;
				ENABLE_USER_SCRIPT_SANDBOXING = YES;
				GCC_C_LANGUAGE_STANDARD = gnu17;
				GCC_NO_COMMON_BLOCKS = YES;
				GCC_WARN_64_TO_32_BIT_CONVERSION = YES;
				GCC_WARN_ABOUT_RETURN_TYPE = YES_ERROR;
				GCC_WARN_UNDECLARED_SELECTOR = YES;
				GCC_WARN_UNINITIALIZED_AUTOS = YES_AGGRESSIVE;
				GCC_WARN_UNUSED_FUNCTION = YES;
				GCC_WARN_UNUSED_VARIABLE = YES;
				IPHONEOS_DEPLOYMENT_TARGET = 17.4;
				LOCALIZATION_PREFERS_STRING_CATALOGS = YES;
				MTL_ENABLE_DEBUG_INFO = NO;
				MTL_FAST_MATH = YES;
				SDKROOT = iphoneos;
				SWIFT_COMPILATION_MODE = wholemodule;
				VALIDATE_PRODUCT = YES;
			};
			name = Release;
		};
		6D997A502D859D3000C64705 /* Debug */ = {
			isa = XCBuildConfiguration;
			buildSettings = {
				ASSETCATALOG_COMPILER_APPICON_NAME = AppIcon;
				ASSETCATALOG_COMPILER_GLOBAL_ACCENT_COLOR_NAME = AccentColor;
				CODE_SIGN_STYLE = Automatic;
				CURRENT_PROJECT_VERSION = 1;
				DEVELOPMENT_TEAM = LVNA3L38CZ;
				GENERATE_INFOPLIST_FILE = YES;
				INFOPLIST_FILE = Yandi/Info.plist;
				INFOPLIST_KEY_UIApplicationSupportsIndirectInputEvents = YES;
				INFOPLIST_KEY_UILaunchStoryboardName = LaunchScreen;
				INFOPLIST_KEY_UISupportedInterfaceOrientations = UIInterfaceOrientationPortrait;
				IPHONEOS_DEPLOYMENT_TARGET = 17.6;
				LD_RUNPATH_SEARCH_PATHS = (
					"$(inherited)",
					"@executable_path/Frameworks",
				);
				MARKETING_VERSION = 1.0;
				PRODUCT_BUNDLE_IDENTIFIER = com.appYa.Yandi;
				PRODUCT_NAME = "$(TARGET_NAME)";
				SUPPORTED_PLATFORMS = "iphoneos iphonesimulator";
				SUPPORTS_MACCATALYST = NO;
				SUPPORTS_MAC_DESIGNED_FOR_IPHONE_IPAD = NO;
				SUPPORTS_XR_DESIGNED_FOR_IPHONE_IPAD = NO;
				SWIFT_EMIT_LOC_STRINGS = YES;
				SWIFT_VERSION = 5.0;
				TARGETED_DEVICE_FAMILY = "1,2";
			};
			name = Debug;
		};
		6D997A512D859D3000C64705 /* Release */ = {
			isa = XCBuildConfiguration;
			buildSettings = {
				ASSETCATALOG_COMPILER_APPICON_NAME = AppIcon;
				ASSETCATALOG_COMPILER_GLOBAL_ACCENT_COLOR_NAME = AccentColor;
				CODE_SIGN_STYLE = Automatic;
				CURRENT_PROJECT_VERSION = 1;
				DEVELOPMENT_TEAM = LVNA3L38CZ;
				GENERATE_INFOPLIST_FILE = YES;
				INFOPLIST_FILE = Yandi/Info.plist;
				INFOPLIST_KEY_UIApplicationSupportsIndirectInputEvents = YES;
				INFOPLIST_KEY_UILaunchStoryboardName = LaunchScreen;
				INFOPLIST_KEY_UISupportedInterfaceOrientations = UIInterfaceOrientationPortrait;
				IPHONEOS_DEPLOYMENT_TARGET = 17.6;
				LD_RUNPATH_SEARCH_PATHS = (
					"$(inherited)",
					"@executable_path/Frameworks",
				);
				MARKETING_VERSION = 1.0;
				PRODUCT_BUNDLE_IDENTIFIER = com.appYa.Yandi;
				PRODUCT_NAME = "$(TARGET_NAME)";
				SUPPORTED_PLATFORMS = "iphoneos iphonesimulator";
				SUPPORTS_MACCATALYST = NO;
				SUPPORTS_MAC_DESIGNED_FOR_IPHONE_IPAD = NO;
				SUPPORTS_XR_DESIGNED_FOR_IPHONE_IPAD = NO;
				SWIFT_EMIT_LOC_STRINGS = YES;
				SWIFT_VERSION = 5.0;
				TARGETED_DEVICE_FAMILY = "1,2";
			};
			name = Release;
		};
/* End XCBuildConfiguration section */

/* Begin XCConfigurationList section */
		6D997A362D859D2F00C64705 /* Build configuration list for PBXProject "Yandi" */ = {
			isa = XCConfigurationList;
			buildConfigurations = (
				6D997A4D2D859D3000C64705 /* Debug */,
				6D997A4E2D859D3000C64705 /* Release */,
			);
			defaultConfigurationIsVisible = 0;
			defaultConfigurationName = Release;
		};
		6D997A4F2D859D3000C64705 /* Build configuration list for PBXNativeTarget "Yandi" */ = {
			isa = XCConfigurationList;
			buildConfigurations = (
				6D997A502D859D3000C64705 /* Debug */,
				6D997A512D859D3000C64705 /* Release */,
			);
			defaultConfigurationIsVisible = 0;
			defaultConfigurationName = Release;
		};
/* End XCConfigurationList section */
	};
	rootObject = 6D997A332D859D2F00C64705 /* Project object */;
}
