// !$*UTF8*$!
{
	archiveVersion = 1;
	classes = {
	};
	objectVersion = 56;
	objects = {

/* Begin PBXBuildFile section */
		6D3D464D2D88593000F3E6E1 /* ColorHex.swift in Sources */ = {isa = PBXBuildFile; fileRef = 6D3D464C2D88593000F3E6E1 /* ColorHex.swift */; };
		6D3D464F2D885A8200F3E6E1 /* RegisterViewController.swift in Sources */ = {isa = PBXBuildFile; fileRef = 6D3D464E2D885A8200F3E6E1 /* RegisterViewController.swift */; };
		6D3D46512D885A9F00F3E6E1 /* RegisterSwiftUIView.swift in Sources */ = {isa = PBXBuildFile; fileRef = 6D3D46502D885A9F00F3E6E1 /* RegisterSwiftUIView.swift */; };
		6D3D46532D885AFE00F3E6E1 /* LoginViewController.swift in Sources */ = {isa = PBXBuildFile; fileRef = 6D3D46522D885AFE00F3E6E1 /* LoginViewController.swift */; };
		6D3D46552D885B4100F3E6E1 /* LoginSwiftUIView.swift in Sources */ = {isa = PBXBuildFile; fileRef = 6D3D46542D885B4100F3E6E1 /* LoginSwiftUIView.swift */; };
		6D3D465F2D8B120500F3E6E1 /* TargetViewController.swift in Sources */ = {isa = PBXBuildFile; fileRef = 6D3D465E2D8B120500F3E6E1 /* TargetViewController.swift */; };
		6D3D46612D8B121F00F3E6E1 /* NotesViewController.swift in Sources */ = {isa = PBXBuildFile; fileRef = 6D3D46602D8B121F00F3E6E1 /* NotesViewController.swift */; };
		6D3D46632D8B123900F3E6E1 /* DiaryViewController.swift in Sources */ = {isa = PBXBuildFile; fileRef = 6D3D46622D8B123900F3E6E1 /* DiaryViewController.swift */; };
		6D3D46652D8B124700F3E6E1 /* FriendsViewController.swift in Sources */ = {isa = PBXBuildFile; fileRef = 6D3D46642D8B124700F3E6E1 /* FriendsViewController.swift */; };
		6D3D46672D8B125300F3E6E1 /* ProfileViewController.swift in Sources */ = {isa = PBXBuildFile; fileRef = 6D3D46662D8B125300F3E6E1 /* ProfileViewController.swift */; };
		6D3D46692D8B455900F3E6E1 /* NotesSwiftUIView.swift in Sources */ = {isa = PBXBuildFile; fileRef = 6D3D46682D8B455900F3E6E1 /* NotesSwiftUIView.swift */; };
		6D3D466C2D8B835900F3E6E1 /* NoteModel.swift in Sources */ = {isa = PBXBuildFile; fileRef = 6D3D466B2D8B835900F3E6E1 /* NoteModel.swift */; };
		6D997A3F2D859D2F00C64705 /* AppDelegate.swift in Sources */ = {isa = PBXBuildFile; fileRef = 6D997A3E2D859D2F00C64705 /* AppDelegate.swift */; };
		6D997A412D859D2F00C64705 /* SceneDelegate.swift in Sources */ = {isa = PBXBuildFile; fileRef = 6D997A402D859D2F00C64705 /* SceneDelegate.swift */; };
		6D997A432D859D2F00C64705 /* TabBarViewController.swift in Sources */ = {isa = PBXBuildFile; fileRef = 6D997A422D859D2F00C64705 /* TabBarViewController.swift */; };
		6D997A482D859D3000C64705 /* Assets.xcassets in Resources */ = {isa = PBXBuildFile; fileRef = 6D997A472D859D3000C64705 /* Assets.xcassets */; };
		6D997A4B2D859D3000C64705 /* Base in Resources */ = {isa = PBXBuildFile; fileRef = 6D997A4A2D859D3000C64705 /* Base */; };
		6D997A642D88442200C64705 /* WelcomeViewController.swift in Sources */ = {isa = PBXBuildFile; fileRef = 6D997A632D88442200C64705 /* WelcomeViewController.swift */; };
		6D997A662D88446A00C64705 /* WelcomeSwiftUIView.swift in Sources */ = {isa = PBXBuildFile; fileRef = 6D997A652D88446A00C64705 /* WelcomeSwiftUIView.swift */; };
/* End PBXBuildFile section */

/* Begin PBXFileReference section */
		6D3D464C2D88593000F3E6E1 /* ColorHex.swift */ = {isa = PBXFileReference; lastKnownFileType = sourcecode.swift; path = ColorHex.swift; sourceTree = "<group>"; };
		6D3D464E2D885A8200F3E6E1 /* RegisterViewController.swift */ = {isa = PBXFileReference; lastKnownFileType = sourcecode.swift; path = RegisterViewController.swift; sourceTree = "<group>"; };
		6D3D46502D885A9F00F3E6E1 /* RegisterSwiftUIView.swift */ = {isa = PBXFileReference; lastKnownFileType = sourcecode.swift; path = RegisterSwiftUIView.swift; sourceTree = "<group>"; };
		6D3D46522D885AFE00F3E6E1 /* LoginViewController.swift */ = {isa = PBXFileReference; lastKnownFileType = sourcecode.swift; path = LoginViewController.swift; sourceTree = "<group>"; };
		6D3D46542D885B4100F3E6E1 /* LoginSwiftUIView.swift */ = {isa = PBXFileReference; lastKnownFileType = sourcecode.swift; path = LoginSwiftUIView.swift; sourceTree = "<group>"; };
		6D3D465E2D8B120500F3E6E1 /* TargetViewController.swift */ = {isa = PBXFileReference; lastKnownFileType = sourcecode.swift; path = TargetViewController.swift; sourceTree = "<group>"; };
		6D3D46602D8B121F00F3E6E1 /* NotesViewController.swift */ = {isa = PBXFileReference; lastKnownFileType = sourcecode.swift; path = NotesViewController.swift; sourceTree = "<group>"; };
		6D3D46622D8B123900F3E6E1 /* DiaryViewController.swift */ = {isa = PBXFileReference; lastKnownFileType = sourcecode.swift; path = DiaryViewController.swift; sourceTree = "<group>"; };
		6D3D46642D8B124700F3E6E1 /* FriendsViewController.swift */ = {isa = PBXFileReference; lastKnownFileType = sourcecode.swift; path = FriendsViewController.swift; sourceTree = "<group>"; };
		6D3D46662D8B125300F3E6E1 /* ProfileViewController.swift */ = {isa = PBXFileReference; lastKnownFileType = sourcecode.swift; path = ProfileViewController.swift; sourceTree = "<group>"; };
		6D3D46682D8B455900F3E6E1 /* NotesSwiftUIView.swift */ = {isa = PBXFileReference; lastKnownFileType = sourcecode.swift; path = NotesSwiftUIView.swift; sourceTree = "<group>"; };
		6D3D466B2D8B835900F3E6E1 /* NoteModel.swift */ = {isa = PBXFileReference; lastKnownFileType = sourcecode.swift; path = NoteModel.swift; sourceTree = "<group>"; };
		6D997A3B2D859D2F00C64705 /* Yandi.app */ = {isa = PBXFileReference; explicitFileType = wrapper.application; includeInIndex = 0; path = Yandi.app; sourceTree = BUILT_PRODUCTS_DIR; };
		6D997A3E2D859D2F00C64705 /* AppDelegate.swift */ = {isa = PBXFileReference; lastKnownFileType = sourcecode.swift; path = AppDelegate.swift; sourceTree = "<group>"; };
		6D997A402D859D2F00C64705 /* SceneDelegate.swift */ = {isa = PBXFileReference; lastKnownFileType = sourcecode.swift; path = SceneDelegate.swift; sourceTree = "<group>"; };
		6D997A422D859D2F00C64705 /* TabBarViewController.swift */ = {isa = PBXFileReference; lastKnownFileType = sourcecode.swift; path = TabBarViewController.swift; sourceTree = "<group>"; };
		6D997A472D859D3000C64705 /* Assets.xcassets */ = {isa = PBXFileReference; lastKnownFileType = folder.assetcatalog; path = Assets.xcassets; sourceTree = "<group>"; };
		6D997A4A2D859D3000C64705 /* Base */ = {isa = PBXFileReference; lastKnownFileType = file.storyboard; name = Base; path = Base.lproj/LaunchScreen.storyboard; sourceTree = "<group>"; };
		6D997A4C2D859D3000C64705 /* Info.plist */ = {isa = PBXFileReference; lastKnownFileType = text.plist.xml; path = Info.plist; sourceTree = "<group>"; };
		6D997A632D88442200C64705 /* WelcomeViewController.swift */ = {isa = PBXFileReference; lastKnownFileType = sourcecode.swift; path = WelcomeViewController.swift; sourceTree = "<group>"; };
		6D997A652D88446A00C64705 /* WelcomeSwiftUIView.swift */ = {isa = PBXFileReference; lastKnownFileType = sourcecode.swift; path = WelcomeSwiftUIView.swift; sourceTree = "<group>"; };
/* End PBXFileReference section */

/* Begin PBXFrameworksBuildPhase section */
		6D997A382D859D2F00C64705 /* Frameworks */ = {
			isa = PBXFrameworksBuildPhase;
			buildActionMask = 2147483647;
			files = (
			);
			runOnlyForDeploymentPostprocessing = 0;
		};
/* End PBXFrameworksBuildPhase section */

/* Begin PBXGroup section */
		6D3D464B2D88591300F3E6E1 /* Extensions */ = {
			isa = PBXGroup;
			children = (
				6D3D464C2D88593000F3E6E1 /* ColorHex.swift */,
			);
			path = Extensions;
			sourceTree = "<group>";
		};
		6D3D46562D8B060200F3E6E1 /* Core */ = {
			isa = PBXGroup;
			children = (
				6D3D465E2D8B120500F3E6E1 /* TargetViewController.swift */,
				6D3D46602D8B121F00F3E6E1 /* NotesViewController.swift */,
				6D3D46622D8B123900F3E6E1 /* DiaryViewController.swift */,
				6D3D46642D8B124700F3E6E1 /* FriendsViewController.swift */,
				6D3D46662D8B125300F3E6E1 /* ProfileViewController.swift */,
			);
			path = Core;
			sourceTree = "<group>";
		};
		6D3D46572D8B062000F3E6E1 /* Core */ = {
			isa = PBXGroup;
			children = (
				6D3D46682D8B455900F3E6E1 /* NotesSwiftUIView.swift */,
			);
			path = Core;
			sourceTree = "<group>";
		};
		6D3D46582D8B063B00F3E6E1 /* Core */ = {
			isa = PBXGroup;
			children = (
			);
			path = Core;
			sourceTree = "<group>";
		};
		6D3D46592D8B064400F3E6E1 /* Core */ = {
			isa = PBXGroup;
			children = (
				6D3D466A2D8B834300F3E6E1 /* Notes */,
			);
			path = Core;
			sourceTree = "<group>";
		};
		6D3D465A2D8B114600F3E6E1 /* Core */ = {
			isa = PBXGroup;
			children = (
			);
			path = Core;
			sourceTree = "<group>";
		};
		6D3D465B2D8B115100F3E6E1 /* Core */ = {
			isa = PBXGroup;
			children = (
			);
			path = Core;
			sourceTree = "<group>";
		};
		6D3D466A2D8B834300F3E6E1 /* Notes */ = {
			isa = PBXGroup;
			children = (
				6D3D466B2D8B835900F3E6E1 /* NoteModel.swift */,
			);
			path = Notes;
			sourceTree = "<group>";
		};
		6D997A322D859D2F00C64705 = {
			isa = PBXGroup;
			children = (
				6D997A3D2D859D2F00C64705 /* Yandi */,
				6D997A3C2D859D2F00C64705 /* Products */,
			);
			sourceTree = "<group>";
		};
		6D997A3C2D859D2F00C64705 /* Products */ = {
			isa = PBXGroup;
			children = (
				6D997A3B2D859D2F00C64705 /* Yandi.app */,
			);
			name = Products;
			sourceTree = "<group>";
		};
		6D997A3D2D859D2F00C64705 /* Yandi */ = {
			isa = PBXGroup;
			children = (
				6D997A522D859DD700C64705 /* Application */,
				6D997A582D88418700C64705 /* Models */,
				6D997A552D85A01700C64705 /* ViewModels */,
				6D997A542D859FF400C64705 /* Views */,
				6D997A532D859F0A00C64705 /* Controllers */,
				6D997A572D88414D00C64705 /* Services */,
				6D997A592D8841F300C64705 /* Networking */,
				6D3D464B2D88591300F3E6E1 /* Extensions */,
				6D997A5A2D88424000C64705 /* Resources */,
				6D997A4C2D859D3000C64705 /* Info.plist */,
			);
			path = Yandi;
			sourceTree = "<group>";
		};
		6D997A522D859DD700C64705 /* Application */ = {
			isa = PBXGroup;
			children = (
				6D997A3E2D859D2F00C64705 /* AppDelegate.swift */,
				6D997A402D859D2F00C64705 /* SceneDelegate.swift */,
				6D997A492D859D3000C64705 /* LaunchScreen.storyboard */,
			);
			path = Application;
			sourceTree = "<group>";
		};
		6D997A532D859F0A00C64705 /* Controllers */ = {
			isa = PBXGroup;
			children = (
				6D997A422D859D2F00C64705 /* TabBarViewController.swift */,
				6D997A5E2D88433200C64705 /* Authorization */,
				6D3D46562D8B060200F3E6E1 /* Core */,
			);
			path = Controllers;
			sourceTree = "<group>";
		};
		6D997A542D859FF400C64705 /* Views */ = {
			isa = PBXGroup;
			children = (
				6D997A5D2D88432400C64705 /* Authorization */,
				6D3D46572D8B062000F3E6E1 /* Core */,
			);
			path = Views;
			sourceTree = "<group>";
		};
		6D997A552D85A01700C64705 /* ViewModels */ = {
			isa = PBXGroup;
			children = (
				6D997A5C2D88431800C64705 /* Authorization */,
				6D3D46582D8B063B00F3E6E1 /* Core */,
			);
			path = ViewModels;
			sourceTree = "<group>";
		};
		6D997A572D88414D00C64705 /* Services */ = {
			isa = PBXGroup;
			children = (
				6D997A5F2D88434600C64705 /* Authorization */,
				6D3D465A2D8B114600F3E6E1 /* Core */,
			);
			path = Services;
			sourceTree = "<group>";
		};
		6D997A582D88418700C64705 /* Models */ = {
			isa = PBXGroup;
			children = (
				6D997A5B2D8842FF00C64705 /* Authorization */,
				6D3D46592D8B064400F3E6E1 /* Core */,
			);
			path = Models;
			sourceTree = "<group>";
		};
		6D997A592D8841F300C64705 /* Networking */ = {
			isa = PBXGroup;
			children = (
				6D997A602D88435000C64705 /* Authorization */,
				6D3D465B2D8B115100F3E6E1 /* Core */,
			);
			path = Networking;
			sourceTree = "<group>";
		};
		6D997A5A2D88424000C64705 /* Resources */ = {
			isa = PBXGroup;
			children = (
				6D997A472D859D3000C64705 /* Assets.xcassets */,
			);
			path = Resources;
			sourceTree = "<group>";
		};
		6D997A5B2D8842FF00C64705 /* Authorization */ = {
			isa = PBXGroup;
			children = (
			);
			path = Authorization;
			sourceTree = "<group>";
		};
		6D997A5C2D88431800C64705 /* Authorization */ = {
			isa = PBXGroup;
			children = (
			);
			path = Authorization;
			sourceTree = "<group>";
		};
		6D997A5D2D88432400C64705 /* Authorization */ = {
			isa = PBXGroup;
			children = (
				6D997A652D88446A00C64705 /* WelcomeSwiftUIView.swift */,
				6D3D46502D885A9F00F3E6E1 /* RegisterSwiftUIView.swift */,
				6D3D46542D885B4100F3E6E1 /* LoginSwiftUIView.swift */,
			);
			path = Authorization;
			sourceTree = "<group>";
		};
		6D997A5E2D88433200C64705 /* Authorization */ = {
			isa = PBXGroup;
			children = (
				6D997A632D88442200C64705 /* WelcomeViewController.swift */,
				6D3D464E2D885A8200F3E6E1 /* RegisterViewController.swift */,
				6D3D46522D885AFE00F3E6E1 /* LoginViewController.swift */,
			);
			path = Authorization;
			sourceTree = "<group>";
		};
		6D997A5F2D88434600C64705 /* Authorization */ = {
			isa = PBXGroup;
			children = (
			);
			path = Authorization;
			sourceTree = "<group>";
		};
		6D997A602D88435000C64705 /* Authorization */ = {
			isa = PBXGroup;
			children = (
			);
			path = Authorization;
			sourceTree = "<group>";
		};
/* End PBXGroup section */

/* Begin PBXNativeTarget section */
		6D997A3A2D859D2F00C64705 /* Yandi */ = {
			isa = PBXNativeTarget;
			buildConfigurationList = 6D997A4F2D859D3000C64705 /* Build configuration list for PBXNativeTarget "Yandi" */;
			buildPhases = (
				6D997A372D859D2F00C64705 /* Sources */,
				6D997A382D859D2F00C64705 /* Frameworks */,
				6D997A392D859D2F00C64705 /* Resources */,
			);
			buildRules = (
			);
			dependencies = (
			);
			name = Yandi;
			productName = Yandi;
			productReference = 6D997A3B2D859D2F00C64705 /* Yandi.app */;
			productType = "com.apple.product-type.application";
		};
/* End PBXNativeTarget section */

/* Begin PBXProject section */
		6D997A332D859D2F00C64705 /* Project object */ = {
			isa = PBXProject;
			attributes = {
				BuildIndependentTargetsInParallel = 1;
				LastSwiftUpdateCheck = 1530;
				LastUpgradeCheck = 1530;
				TargetAttributes = {
					6D997A3A2D859D2F00C64705 = {
						CreatedOnToolsVersion = 15.3;
					};
				};
			};
			buildConfigurationList = 6D997A362D859D2F00C64705 /* Build configuration list for PBXProject "Yandi" */;
			compatibilityVersion = "Xcode 14.0";
			developmentRegion = en;
			hasScannedForEncodings = 0;
			knownRegions = (
				en,
				Base,
			);
			mainGroup = 6D997A322D859D2F00C64705;
			productRefGroup = 6D997A3C2D859D2F00C64705 /* Products */;
			projectDirPath = "";
			projectRoot = "";
			targets = (
				6D997A3A2D859D2F00C64705 /* Yandi */,
			);
		};
/* End PBXProject section */

/* Begin PBXResourcesBuildPhase section */
		6D997A392D859D2F00C64705 /* Resources */ = {
			isa = PBXResourcesBuildPhase;
			buildActionMask = 2147483647;
			files = (
				6D997A482D859D3000C64705 /* Assets.xcassets in Resources */,
				6D997A4B2D859D3000C64705 /* Base in Resources */,
			);
			runOnlyForDeploymentPostprocessing = 0;
		};
/* End PBXResourcesBuildPhase section */

/* Begin PBXSourcesBuildPhase section */
		6D997A372D859D2F00C64705 /* Sources */ = {
			isa = PBXSourcesBuildPhase;
			buildActionMask = 2147483647;
			files = (
				6D3D46692D8B455900F3E6E1 /* NotesSwiftUIView.swift in Sources */,
				6D3D46552D885B4100F3E6E1 /* LoginSwiftUIView.swift in Sources */,
				6D3D46532D885AFE00F3E6E1 /* LoginViewController.swift in Sources */,
				6D997A662D88446A00C64705 /* WelcomeSwiftUIView.swift in Sources */,
				6D3D464D2D88593000F3E6E1 /* ColorHex.swift in Sources */,
				6D3D46652D8B124700F3E6E1 /* FriendsViewController.swift in Sources */,
				6D3D464F2D885A8200F3E6E1 /* RegisterViewController.swift in Sources */,
				6D997A432D859D2F00C64705 /* TabBarViewController.swift in Sources */,
				6D997A642D88442200C64705 /* WelcomeViewController.swift in Sources */,
				6D3D46512D885A9F00F3E6E1 /* RegisterSwiftUIView.swift in Sources */,
				6D3D46612D8B121F00F3E6E1 /* NotesViewController.swift in Sources */,
				6D3D46632D8B123900F3E6E1 /* DiaryViewController.swift in Sources */,
				6D3D465F2D8B120500F3E6E1 /* TargetViewController.swift in Sources */,
				6D3D466C2D8B835900F3E6E1 /* NoteModel.swift in Sources */,
				6D3D46672D8B125300F3E6E1 /* ProfileViewController.swift in Sources */,
				6D997A3F2D859D2F00C64705 /* AppDelegate.swift in Sources */,
				6D997A412D859D2F00C64705 /* SceneDelegate.swift in Sources */,
			);
			runOnlyForDeploymentPostprocessing = 0;
		};
/* End PBXSourcesBuildPhase section */

/* Begin PBXVariantGroup section */
		6D997A492D859D3000C64705 /* LaunchScreen.storyboard */ = {
			isa = PBXVariantGroup;
			children = (
				6D997A4A2D859D3000C64705 /* Base */,
			);
			name = LaunchScreen.storyboard;
			sourceTree = "<group>";
		};
/* End PBXVariantGroup section */

/* Begin XCBuildConfiguration section */
		6D997A4D2D859D3000C64705 /* Debug */ = {
			isa = XCBuildConfiguration;
			buildSettings = {
				ALWAYS_SEARCH_USER_PATHS = NO;
				ASSETCATALOG_COMPILER_GENERATE_SWIFT_ASSET_SYMBOL_EXTENSIONS = YES;
				CLANG_ANALYZER_NONNULL = YES;
				CLANG_ANALYZER_NUMBER_OBJECT_CONVERSION = YES_AGGRESSIVE;
				CLANG_CXX_LANGUAGE_STANDARD = "gnu++20";
				CLANG_ENABLE_MODULES = YES;
				CLANG_ENABLE_OBJC_ARC = YES;
				CLANG_ENABLE_OBJC_WEAK = YES;
				CLANG_WARN_BLOCK_CAPTURE_AUTORELEASING = YES;
				CLANG_WARN_BOOL_CONVERSION = YES;
				CLANG_WARN_COMMA = YES;
				CLANG_WARN_CONSTANT_CONVERSION = YES;
				CLANG_WARN_DEPRECATED_OBJC_IMPLEMENTATIONS = YES;
				CLANG_WARN_DIRECT_OBJC_ISA_USAGE = YES_ERROR;
				CLANG_WARN_DOCUMENTATION_COMMENTS = YES;
				CLANG_WARN_EMPTY_BODY = YES;
				CLANG_WARN_ENUM_CONVERSION = YES;
				CLANG_WARN_INFINITE_RECURSION = YES;
				CLANG_WARN_INT_CONVERSION = YES;
				CLANG_WARN_NON_LITERAL_NULL_CONVERSION = YES;
				CLANG_WARN_OBJC_IMPLICIT_RETAIN_SELF = YES;
				CLANG_WARN_OBJC_LITERAL_CONVERSION = YES;
				CLANG_WARN_OBJC_ROOT_CLASS = YES_ERROR;
				CLANG_WARN_QUOTED_INCLUDE_IN_FRAMEWORK_HEADER = YES;
				CLANG_WARN_RANGE_LOOP_ANALYSIS = YES;
				CLANG_WARN_STRICT_PROTOTYPES = YES;
				CLANG_WARN_SUSPICIOUS_MOVE = YES;
				CLANG_WARN_UNGUARDED_AVAILABILITY = YES_AGGRESSIVE;
				CLANG_WARN_UNREACHABLE_CODE = YES;
				CLANG_WARN__DUPLICATE_METHOD_MATCH = YES;
				COPY_PHASE_STRIP = NO;
				DEBUG_INFORMATION_FORMAT = dwarf;
				ENABLE_STRICT_OBJC_MSGSEND = YES;
				ENABLE_TESTABILITY = YES;
				ENABLE_USER_SCRIPT_SANDBOXING = YES;
				GCC_C_LANGUAGE_STANDARD = gnu17;
				GCC_DYNAMIC_NO_PIC = NO;
				GCC_NO_COMMON_BLOCKS = YES;
				GCC_OPTIMIZATION_LEVEL = 0;
				GCC_PREPROCESSOR_DEFINITIONS = (
					"DEBUG=1",
					"$(inherited)",
				);
				GCC_WARN_64_TO_32_BIT_CONVERSION = YES;
				GCC_WARN_ABOUT_RETURN_TYPE = YES_ERROR;
				GCC_WARN_UNDECLARED_SELECTOR = YES;
				GCC_WARN_UNINITIALIZED_AUTOS = YES_AGGRESSIVE;
				GCC_WARN_UNUSED_FUNCTION = YES;
				GCC_WARN_UNUSED_VARIABLE = YES;
				IPHONEOS_DEPLOYMENT_TARGET = 17.4;
				LOCALIZATION_PREFERS_STRING_CATALOGS = YES;
				MTL_ENABLE_DEBUG_INFO = INCLUDE_SOURCE;
				MTL_FAST_MATH = YES;
				ONLY_ACTIVE_ARCH = YES;
				SDKROOT = iphoneos;
				SWIFT_ACTIVE_COMPILATION_CONDITIONS = "DEBUG $(inherited)";
				SWIFT_OPTIMIZATION_LEVEL = "-Onone";
			};
			name = Debug;
		};
		6D997A4E2D859D3000C64705 /* Release */ = {
			isa = XCBuildConfiguration;
			buildSettings = {
				ALWAYS_SEARCH_USER_PATHS = NO;
				ASSETCATALOG_COMPILER_GENERATE_SWIFT_ASSET_SYMBOL_EXTENSIONS = YES;
				CLANG_ANALYZER_NONNULL = YES;
				CLANG_ANALYZER_NUMBER_OBJECT_CONVERSION = YES_AGGRESSIVE;
				CLANG_CXX_LANGUAGE_STANDARD = "gnu++20";
				CLANG_ENABLE_MODULES = YES;
				CLANG_ENABLE_OBJC_ARC = YES;
				CLANG_ENABLE_OBJC_WEAK = YES;
				CLANG_WARN_BLOCK_CAPTURE_AUTORELEASING = YES;
				CLANG_WARN_BOOL_CONVERSION = YES;
				CLANG_WARN_COMMA = YES;
				CLANG_WARN_CONSTANT_CONVERSION = YES;
				CLANG_WARN_DEPRECATED_OBJC_IMPLEMENTATIONS = YES;
				CLANG_WARN_DIRECT_OBJC_ISA_USAGE = YES_ERROR;
				CLANG_WARN_DOCUMENTATION_COMMENTS = YES;
				CLANG_WARN_EMPTY_BODY = YES;
				CLANG_WARN_ENUM_CONVERSION = YES;
				CLANG_WARN_INFINITE_RECURSION = YES;
				CLANG_WARN_INT_CONVERSION = YES;
				CLANG_WARN_NON_LITERAL_NULL_CONVERSION = YES;
				CLANG_WARN_OBJC_IMPLICIT_RETAIN_SELF = YES;
				CLANG_WARN_OBJC_LITERAL_CONVERSION = YES;
				CLANG_WARN_OBJC_ROOT_CLASS = YES_ERROR;
				CLANG_WARN_QUOTED_INCLUDE_IN_FRAMEWORK_HEADER = YES;
				CLANG_WARN_RANGE_LOOP_ANALYSIS = YES;
				CLANG_WARN_STRICT_PROTOTYPES = YES;
				CLANG_WARN_SUSPICIOUS_MOVE = YES;
				CLANG_WARN_UNGUARDED_AVAILABILITY = YES_AGGRESSIVE;
				CLANG_WARN_UNREACHABLE_CODE = YES;
				CLANG_WARN__DUPLICATE_METHOD_MATCH = YES;
				COPY_PHASE_STRIP = NO;
				DEBUG_INFORMATION_FORMAT = "dwarf-with-dsym";
				ENABLE_NS_ASSERTIONS = NO;
				ENABLE_STRICT_OBJC_MSGSEND = YES;
				ENABLE_USER_SCRIPT_SANDBOXING = YES;
				GCC_C_LANGUAGE_STANDARD = gnu17;
				GCC_NO_COMMON_BLOCKS = YES;
				GCC_WARN_64_TO_32_BIT_CONVERSION = YES;
				GCC_WARN_ABOUT_RETURN_TYPE = YES_ERROR;
				GCC_WARN_UNDECLARED_SELECTOR = YES;
				GCC_WARN_UNINITIALIZED_AUTOS = YES_AGGRESSIVE;
				GCC_WARN_UNUSED_FUNCTION = YES;
				GCC_WARN_UNUSED_VARIABLE = YES;
				IPHONEOS_DEPLOYMENT_TARGET = 17.4;
				LOCALIZATION_PREFERS_STRING_CATALOGS = YES;
				MTL_ENABLE_DEBUG_INFO = NO;
				MTL_FAST_MATH = YES;
				SDKROOT = iphoneos;
				SWIFT_COMPILATION_MODE = wholemodule;
				VALIDATE_PRODUCT = YES;
			};
			name = Release;
		};
		6D997A502D859D3000C64705 /* Debug */ = {
			isa = XCBuildConfiguration;
			buildSettings = {
				ASSETCATALOG_COMPILER_APPICON_NAME = AppIcon;
				ASSETCATALOG_COMPILER_GLOBAL_ACCENT_COLOR_NAME = AccentColor;
				CODE_SIGN_STYLE = Automatic;
				CURRENT_PROJECT_VERSION = 1;
				DEVELOPMENT_TEAM = LVNA3L38CZ;
				GENERATE_INFOPLIST_FILE = YES;
				INFOPLIST_FILE = Yandi/Info.plist;
				INFOPLIST_KEY_UIApplicationSupportsIndirectInputEvents = YES;
				INFOPLIST_KEY_UILaunchStoryboardName = LaunchScreen;
				INFOPLIST_KEY_UISupportedInterfaceOrientations_iPad = "UIInterfaceOrientationPortrait UIInterfaceOrientationPortraitUpsideDown UIInterfaceOrientationLandscapeLeft UIInterfaceOrientationLandscapeRight";
				INFOPLIST_KEY_UISupportedInterfaceOrientations_iPhone = "UIInterfaceOrientationPortrait UIInterfaceOrientationLandscapeLeft UIInterfaceOrientationLandscapeRight";
				LD_RUNPATH_SEARCH_PATHS = (
					"$(inherited)",
					"@executable_path/Frameworks",
				);
				MARKETING_VERSION = 1.0;
				PRODUCT_BUNDLE_IDENTIFIER = com.appYa.Yandi;
				PRODUCT_NAME = "$(TARGET_NAME)";
				SWIFT_EMIT_LOC_STRINGS = YES;
				SWIFT_VERSION = 5.0;
				TARGETED_DEVICE_FAMILY = "1,2";
			};
			name = Debug;
		};
		6D997A512D859D3000C64705 /* Release */ = {
			isa = XCBuildConfiguration;
			buildSettings = {
				ASSETCATALOG_COMPILER_APPICON_NAME = AppIcon;
				ASSETCATALOG_COMPILER_GLOBAL_ACCENT_COLOR_NAME = AccentColor;
				CODE_SIGN_STYLE = Automatic;
				CURRENT_PROJECT_VERSION = 1;
				DEVELOPMENT_TEAM = LVNA3L38CZ;
				GENERATE_INFOPLIST_FILE = YES;
				INFOPLIST_FILE = Yandi/Info.plist;
				INFOPLIST_KEY_UIApplicationSupportsIndirectInputEvents = YES;
				INFOPLIST_KEY_UILaunchStoryboardName = LaunchScreen;
				INFOPLIST_KEY_UISupportedInterfaceOrientations_iPad = "UIInterfaceOrientationPortrait UIInterfaceOrientationPortraitUpsideDown UIInterfaceOrientationLandscapeLeft UIInterfaceOrientationLandscapeRight";
				INFOPLIST_KEY_UISupportedInterfaceOrientations_iPhone = "UIInterfaceOrientationPortrait UIInterfaceOrientationLandscapeLeft UIInterfaceOrientationLandscapeRight";
				LD_RUNPATH_SEARCH_PATHS = (
					"$(inherited)",
					"@executable_path/Frameworks",
				);
				MARKETING_VERSION = 1.0;
				PRODUCT_BUNDLE_IDENTIFIER = com.appYa.Yandi;
				PRODUCT_NAME = "$(TARGET_NAME)";
				SWIFT_EMIT_LOC_STRINGS = YES;
				SWIFT_VERSION = 5.0;
				TARGETED_DEVICE_FAMILY = "1,2";
			};
			name = Release;
		};
/* End XCBuildConfiguration section */

/* Begin XCConfigurationList section */
		6D997A362D859D2F00C64705 /* Build configuration list for PBXProject "Yandi" */ = {
			isa = XCConfigurationList;
			buildConfigurations = (
				6D997A4D2D859D3000C64705 /* Debug */,
				6D997A4E2D859D3000C64705 /* Release */,
			);
			defaultConfigurationIsVisible = 0;
			defaultConfigurationName = Release;
		};
		6D997A4F2D859D3000C64705 /* Build configuration list for PBXNativeTarget "Yandi" */ = {
			isa = XCConfigurationList;
			buildConfigurations = (
				6D997A502D859D3000C64705 /* Debug */,
				6D997A512D859D3000C64705 /* Release */,
			);
			defaultConfigurationIsVisible = 0;
			defaultConfigurationName = Release;
		};
/* End XCConfigurationList section */
	};
	rootObject = 6D997A332D859D2F00C64705 /* Project object */;
}
